
Microsoft Visual Studio Solution File, Format Version 12.00
# Visual Studio Version 17
VisualStudioVersion = 17.2.32602.215
MinimumVisualStudioVersion = 10.0.40219.1
Project("{FAE04EC0-301F-11D3-BF4B-00C04F79EFBC}") = "MinApp", "aba 14\MinApp.csproj", "{09887F2E-2A58-496E-A6F9-4EDBE58BE3F1}"
EndProject
Project("{FAE04EC0-301F-11D3-BF4B-00C04F79EFBC}") = "TestMinApp", "..\UnitTestProject1\UnitTestProject1\TestMinApp.csproj", "{512ED48F-32F5-4F6C-A5C4-5EEE8069F4E9}"
EndProject
Global
	GlobalSection(SolutionConfigurationPlatforms) = preSolution
		Debug|Any CPU = Debug|Any CPU
		Release|Any CPU = Release|Any CPU
	EndGlobalSection
	GlobalSection(ProjectConfigurationPlatforms) = postSolution
		{09887F2E-2A58-496E-A6F9-4EDBE58BE3F1}.Debug|Any CPU.ActiveCfg = Debug|Any CPU
		{09887F2E-2A58-496E-A6F9-4EDBE58BE3F1}.Debug|Any CPU.Build.0 = Debug|Any CPU
		{09887F2E-2A58-496E-A6F9-4EDBE58BE3F1}.Release|Any CPU.ActiveCfg = Release|Any CPU
		{09887F2E-2A58-496E-A6F9-4EDBE58BE3F1}.Release|Any CPU.Build.0 = Release|Any CPU
		{512ED48F-32F5-4F6C-A5C4-5EEE8069F4E9}.Debug|Any CPU.ActiveCfg = Debug|Any CPU
		{512ED48F-32F5-4F6C-A5C4-5EEE8069F4E9}.Debug|Any CPU.Build.0 = Debug|Any CPU
		{512ED48F-32F5-4F6C-A5C4-5EEE8069F4E9}.Release|Any CPU.ActiveCfg = Release|Any CPU
		{512ED48F-32F5-4F6C-A5C4-5EEE8069F4E9}.Release|Any CPU.Build.0 = Release|Any CPU
	EndGlobalSection
	GlobalSection(SolutionProperties) = preSolution
		HideSolutionNode = FALSE
	EndGlobalSection
	GlobalSection(ExtensibilityGlobals) = postSolution
		SolutionGuid = {C4FA6CBE-2C1B-4C6C-9B7D-4F0FF75DCBE6}
	EndGlobalSection
EndGlobal
